// !$*UTF8*$!
{
	archiveVersion = 1;
	classes = {
	};
	objectVersion = 56;
	objects = {

/* Begin PBXBuildFile section */
		E80427C42A0BF7760014E621 /* BBWorkoutPlanPlayViewController.swift in Sources */ = {isa = PBXBuildFile; fileRef = E80427C32A0BF7760014E621 /* BBWorkoutPlanPlayViewController.swift */; };
		E80A3C8529F1B301002E7D50 /* BBCustomWorkoutPlanListView.swift in Sources */ = {isa = PBXBuildFile; fileRef = E80A3C8429F1B301002E7D50 /* BBCustomWorkoutPlanListView.swift */; };
		E80A3C8729F1B5B7002E7D50 /* BBCustomWorkoutPlanListViewViewModel.swift in Sources */ = {isa = PBXBuildFile; fileRef = E80A3C8629F1B5B7002E7D50 /* BBCustomWorkoutPlanListViewViewModel.swift */; };
		E80A3C8929F1BAAF002E7D50 /* BBCustomWorkoutPlanListViewCell.swift in Sources */ = {isa = PBXBuildFile; fileRef = E80A3C8829F1BAAF002E7D50 /* BBCustomWorkoutPlanListViewCell.swift */; };
		E81E35F329EDBC93007514B9 /* AppDelegate.swift in Sources */ = {isa = PBXBuildFile; fileRef = E81E35F229EDBC93007514B9 /* AppDelegate.swift */; };
		E81E35F529EDBC93007514B9 /* SceneDelegate.swift in Sources */ = {isa = PBXBuildFile; fileRef = E81E35F429EDBC93007514B9 /* SceneDelegate.swift */; };
		E81E35FC29EDBC94007514B9 /* Assets.xcassets in Resources */ = {isa = PBXBuildFile; fileRef = E81E35FB29EDBC94007514B9 /* Assets.xcassets */; };
		E81E35FF29EDBC94007514B9 /* LaunchScreen.storyboard in Resources */ = {isa = PBXBuildFile; fileRef = E81E35FD29EDBC94007514B9 /* LaunchScreen.storyboard */; };
		E81E360A29EDC73F007514B9 /* BBHomeViewController.swift in Sources */ = {isa = PBXBuildFile; fileRef = E81E360929EDC73F007514B9 /* BBHomeViewController.swift */; };
		E81E360C29EDC75B007514B9 /* BBProfileViewController.swift in Sources */ = {isa = PBXBuildFile; fileRef = E81E360B29EDC75B007514B9 /* BBProfileViewController.swift */; };
		E81E360E29EDC7AA007514B9 /* BBTabBarController.swift in Sources */ = {isa = PBXBuildFile; fileRef = E81E360D29EDC7AA007514B9 /* BBTabBarController.swift */; };
		E82EDAF629F06A3D00270C6D /* BBWorkoutPanListCell.swift in Sources */ = {isa = PBXBuildFile; fileRef = E82EDAF529F06A3D00270C6D /* BBWorkoutPanListCell.swift */; };
		E84CAF132A0A9A6E00DB1538 /* BBWorkoutPlanDetailView.swift in Sources */ = {isa = PBXBuildFile; fileRef = E84CAF122A0A9A6E00DB1538 /* BBWorkoutPlanDetailView.swift */; };
		E84CAF152A0AAE9A00DB1538 /* BBWorkoutPlanDetailViewViewModel.swift in Sources */ = {isa = PBXBuildFile; fileRef = E84CAF142A0AAE9A00DB1538 /* BBWorkoutPlanDetailViewViewModel.swift */; };
		E84CAF172A0AB0FB00DB1538 /* BBWorkoutCell.swift in Sources */ = {isa = PBXBuildFile; fileRef = E84CAF162A0AB0FB00DB1538 /* BBWorkoutCell.swift */; };
		E88891142A0D37FF00E464DA /* BBWorkoutPlanPlayView.swift in Sources */ = {isa = PBXBuildFile; fileRef = E88891132A0D37FF00E464DA /* BBWorkoutPlanPlayView.swift */; };
		E88891162A0D395C00E464DA /* BBWorkoutPlanPlayViewViewModel.swift in Sources */ = {isa = PBXBuildFile; fileRef = E88891152A0D395C00E464DA /* BBWorkoutPlanPlayViewViewModel.swift */; };
		E8B33CC02A09453D003A9977 /* BBWorkoutPlanDetailViewController.swift in Sources */ = {isa = PBXBuildFile; fileRef = E8B33CBF2A09453D003A9977 /* BBWorkoutPlanDetailViewController.swift */; };
		E8B33CC42A094695003A9977 /* BBWorkoutPlan.swift in Sources */ = {isa = PBXBuildFile; fileRef = E8B33CC32A094695003A9977 /* BBWorkoutPlan.swift */; };
		E8B33CC62A094764003A9977 /* BBWorkout.swift in Sources */ = {isa = PBXBuildFile; fileRef = E8B33CC52A094764003A9977 /* BBWorkout.swift */; };
		E8B33CCB2A094A2B003A9977 /* WorkoutPlans.swift in Sources */ = {isa = PBXBuildFile; fileRef = E8B33CCA2A094A2B003A9977 /* WorkoutPlans.swift */; };
		E8BEB85C2A115545004C6BA4 /* BBOnboardingViewController.swift in Sources */ = {isa = PBXBuildFile; fileRef = E8BEB85B2A115544004C6BA4 /* BBOnboardingViewController.swift */; };
		E8BEB85F2A1155B9004C6BA4 /* BBGoalView.swift in Sources */ = {isa = PBXBuildFile; fileRef = E8BEB85E2A1155B9004C6BA4 /* BBGoalView.swift */; };
		E8BEB8612A1156EF004C6BA4 /* BBOnBoardingView.swift in Sources */ = {isa = PBXBuildFile; fileRef = E8BEB8602A1156EF004C6BA4 /* BBOnBoardingView.swift */; };
		E8BEB8632A115A7F004C6BA4 /* BBGenderView.swift in Sources */ = {isa = PBXBuildFile; fileRef = E8BEB8622A115A7F004C6BA4 /* BBGenderView.swift */; };
		E8BEB8652A1165D8004C6BA4 /* BBOnBoardingViewViewModel.swift in Sources */ = {isa = PBXBuildFile; fileRef = E8BEB8642A1165D8004C6BA4 /* BBOnBoardingViewViewModel.swift */; };
		E8CBD5042A0FCEC400256778 /* BBWorkoutPlanListViewCellViewModel.swift in Sources */ = {isa = PBXBuildFile; fileRef = E8CBD5032A0FCEC400256778 /* BBWorkoutPlanListViewCellViewModel.swift */; };
		E8CBD5062A0FED6F00256778 /* BBWorkoutCellViewModel.swift in Sources */ = {isa = PBXBuildFile; fileRef = E8CBD5052A0FED6F00256778 /* BBWorkoutCellViewModel.swift */; };
		E8F26F8829EF105A00DFFD53 /* BBWorkoutPlanListView.swift in Sources */ = {isa = PBXBuildFile; fileRef = E8F26F8729EF105A00DFFD53 /* BBWorkoutPlanListView.swift */; };
		E8F26F8C29EF129900DFFD53 /* BBHomeView.swift in Sources */ = {isa = PBXBuildFile; fileRef = E8F26F8B29EF129900DFFD53 /* BBHomeView.swift */; };
		E8F26F8F29EF139400DFFD53 /* Extensions.swift in Sources */ = {isa = PBXBuildFile; fileRef = E8F26F8E29EF139400DFFD53 /* Extensions.swift */; };
		E8F26F9229EF189300DFFD53 /* BBWorkoutPlanListViewViewModel.swift in Sources */ = {isa = PBXBuildFile; fileRef = E8F26F9129EF189300DFFD53 /* BBWorkoutPlanListViewViewModel.swift */; };
/* End PBXBuildFile section */

/* Begin PBXFileReference section */
		E80427C32A0BF7760014E621 /* BBWorkoutPlanPlayViewController.swift */ = {isa = PBXFileReference; lastKnownFileType = sourcecode.swift; path = BBWorkoutPlanPlayViewController.swift; sourceTree = "<group>"; };
		E80A3C8429F1B301002E7D50 /* BBCustomWorkoutPlanListView.swift */ = {isa = PBXFileReference; lastKnownFileType = sourcecode.swift; path = BBCustomWorkoutPlanListView.swift; sourceTree = "<group>"; };
		E80A3C8629F1B5B7002E7D50 /* BBCustomWorkoutPlanListViewViewModel.swift */ = {isa = PBXFileReference; lastKnownFileType = sourcecode.swift; path = BBCustomWorkoutPlanListViewViewModel.swift; sourceTree = "<group>"; };
		E80A3C8829F1BAAF002E7D50 /* BBCustomWorkoutPlanListViewCell.swift */ = {isa = PBXFileReference; lastKnownFileType = sourcecode.swift; path = BBCustomWorkoutPlanListViewCell.swift; sourceTree = "<group>"; };
		E81E35EF29EDBC93007514B9 /* BodyBlaze.app */ = {isa = PBXFileReference; explicitFileType = wrapper.application; includeInIndex = 0; path = BodyBlaze.app; sourceTree = BUILT_PRODUCTS_DIR; };
		E81E35F229EDBC93007514B9 /* AppDelegate.swift */ = {isa = PBXFileReference; lastKnownFileType = sourcecode.swift; path = AppDelegate.swift; sourceTree = "<group>"; };
		E81E35F429EDBC93007514B9 /* SceneDelegate.swift */ = {isa = PBXFileReference; lastKnownFileType = sourcecode.swift; path = SceneDelegate.swift; sourceTree = "<group>"; };
		E81E35FB29EDBC94007514B9 /* Assets.xcassets */ = {isa = PBXFileReference; lastKnownFileType = folder.assetcatalog; path = Assets.xcassets; sourceTree = "<group>"; };
		E81E35FE29EDBC94007514B9 /* Base */ = {isa = PBXFileReference; lastKnownFileType = file.storyboard; name = Base; path = Base.lproj/LaunchScreen.storyboard; sourceTree = "<group>"; };
		E81E360029EDBC94007514B9 /* Info.plist */ = {isa = PBXFileReference; lastKnownFileType = text.plist.xml; path = Info.plist; sourceTree = "<group>"; };
		E81E360929EDC73F007514B9 /* BBHomeViewController.swift */ = {isa = PBXFileReference; lastKnownFileType = sourcecode.swift; path = BBHomeViewController.swift; sourceTree = "<group>"; };
		E81E360B29EDC75B007514B9 /* BBProfileViewController.swift */ = {isa = PBXFileReference; lastKnownFileType = sourcecode.swift; path = BBProfileViewController.swift; sourceTree = "<group>"; };
		E81E360D29EDC7AA007514B9 /* BBTabBarController.swift */ = {isa = PBXFileReference; lastKnownFileType = sourcecode.swift; path = BBTabBarController.swift; sourceTree = "<group>"; };
		E82EDAF529F06A3D00270C6D /* BBWorkoutPanListCell.swift */ = {isa = PBXFileReference; lastKnownFileType = sourcecode.swift; path = BBWorkoutPanListCell.swift; sourceTree = "<group>"; };
		E84CAF122A0A9A6E00DB1538 /* BBWorkoutPlanDetailView.swift */ = {isa = PBXFileReference; lastKnownFileType = sourcecode.swift; path = BBWorkoutPlanDetailView.swift; sourceTree = "<group>"; };
		E84CAF142A0AAE9A00DB1538 /* BBWorkoutPlanDetailViewViewModel.swift */ = {isa = PBXFileReference; lastKnownFileType = sourcecode.swift; path = BBWorkoutPlanDetailViewViewModel.swift; sourceTree = "<group>"; };
		E84CAF162A0AB0FB00DB1538 /* BBWorkoutCell.swift */ = {isa = PBXFileReference; lastKnownFileType = sourcecode.swift; path = BBWorkoutCell.swift; sourceTree = "<group>"; };
		E88891132A0D37FF00E464DA /* BBWorkoutPlanPlayView.swift */ = {isa = PBXFileReference; lastKnownFileType = sourcecode.swift; path = BBWorkoutPlanPlayView.swift; sourceTree = "<group>"; };
		E88891152A0D395C00E464DA /* BBWorkoutPlanPlayViewViewModel.swift */ = {isa = PBXFileReference; lastKnownFileType = sourcecode.swift; path = BBWorkoutPlanPlayViewViewModel.swift; sourceTree = "<group>"; };
		E8B33CBF2A09453D003A9977 /* BBWorkoutPlanDetailViewController.swift */ = {isa = PBXFileReference; lastKnownFileType = sourcecode.swift; path = BBWorkoutPlanDetailViewController.swift; sourceTree = "<group>"; };
		E8B33CC32A094695003A9977 /* BBWorkoutPlan.swift */ = {isa = PBXFileReference; lastKnownFileType = sourcecode.swift; path = BBWorkoutPlan.swift; sourceTree = "<group>"; };
		E8B33CC52A094764003A9977 /* BBWorkout.swift */ = {isa = PBXFileReference; lastKnownFileType = sourcecode.swift; path = BBWorkout.swift; sourceTree = "<group>"; };
		E8B33CCA2A094A2B003A9977 /* WorkoutPlans.swift */ = {isa = PBXFileReference; lastKnownFileType = sourcecode.swift; path = WorkoutPlans.swift; sourceTree = "<group>"; };
		E8BEB85B2A115544004C6BA4 /* BBOnboardingViewController.swift */ = {isa = PBXFileReference; lastKnownFileType = sourcecode.swift; path = BBOnboardingViewController.swift; sourceTree = "<group>"; };
		E8BEB85E2A1155B9004C6BA4 /* BBGoalView.swift */ = {isa = PBXFileReference; lastKnownFileType = sourcecode.swift; path = BBGoalView.swift; sourceTree = "<group>"; };
		E8BEB8602A1156EF004C6BA4 /* BBOnBoardingView.swift */ = {isa = PBXFileReference; lastKnownFileType = sourcecode.swift; path = BBOnBoardingView.swift; sourceTree = "<group>"; };
		E8BEB8622A115A7F004C6BA4 /* BBGenderView.swift */ = {isa = PBXFileReference; lastKnownFileType = sourcecode.swift; path = BBGenderView.swift; sourceTree = "<group>"; };
		E8BEB8642A1165D8004C6BA4 /* BBOnBoardingViewViewModel.swift */ = {isa = PBXFileReference; lastKnownFileType = sourcecode.swift; path = BBOnBoardingViewViewModel.swift; sourceTree = "<group>"; };
		E8CBD5032A0FCEC400256778 /* BBWorkoutPlanListViewCellViewModel.swift */ = {isa = PBXFileReference; lastKnownFileType = sourcecode.swift; path = BBWorkoutPlanListViewCellViewModel.swift; sourceTree = "<group>"; };
		E8CBD5052A0FED6F00256778 /* BBWorkoutCellViewModel.swift */ = {isa = PBXFileReference; lastKnownFileType = sourcecode.swift; path = BBWorkoutCellViewModel.swift; sourceTree = "<group>"; };
		E8F26F8729EF105A00DFFD53 /* BBWorkoutPlanListView.swift */ = {isa = PBXFileReference; lastKnownFileType = sourcecode.swift; path = BBWorkoutPlanListView.swift; sourceTree = "<group>"; };
		E8F26F8B29EF129900DFFD53 /* BBHomeView.swift */ = {isa = PBXFileReference; lastKnownFileType = sourcecode.swift; path = BBHomeView.swift; sourceTree = "<group>"; };
		E8F26F8E29EF139400DFFD53 /* Extensions.swift */ = {isa = PBXFileReference; lastKnownFileType = sourcecode.swift; path = Extensions.swift; sourceTree = "<group>"; };
		E8F26F9129EF189300DFFD53 /* BBWorkoutPlanListViewViewModel.swift */ = {isa = PBXFileReference; lastKnownFileType = sourcecode.swift; path = BBWorkoutPlanListViewViewModel.swift; sourceTree = "<group>"; };
/* End PBXFileReference section */

/* Begin PBXFrameworksBuildPhase section */
		E81E35EC29EDBC93007514B9 /* Frameworks */ = {
			isa = PBXFrameworksBuildPhase;
			buildActionMask = 2147483647;
			files = (
			);
			runOnlyForDeploymentPostprocessing = 0;
		};
/* End PBXFrameworksBuildPhase section */

/* Begin PBXGroup section */
		E80A3C8129F1B257002E7D50 /* CustomWorkoutPlans */ = {
			isa = PBXGroup;
			children = (
				E80A3C8429F1B301002E7D50 /* BBCustomWorkoutPlanListView.swift */,
				E80A3C8829F1BAAF002E7D50 /* BBCustomWorkoutPlanListViewCell.swift */,
			);
			path = CustomWorkoutPlans;
			sourceTree = "<group>";
		};
		E81E35E629EDBC93007514B9 = {
			isa = PBXGroup;
			children = (
				E81E35F129EDBC93007514B9 /* BodyBlaze */,
				E81E35F029EDBC93007514B9 /* Products */,
			);
			sourceTree = "<group>";
		};
		E81E35F029EDBC93007514B9 /* Products */ = {
			isa = PBXGroup;
			children = (
				E81E35EF29EDBC93007514B9 /* BodyBlaze.app */,
			);
			name = Products;
			sourceTree = "<group>";
		};
		E81E35F129EDBC93007514B9 /* BodyBlaze */ = {
			isa = PBXGroup;
			children = (
				E81E360629EDBDFE007514B9 /* Resources */,
				E8B33CC72A094985003A9977 /* Data */,
				E8B33CC12A09463F003A9977 /* Models */,
				E8F26F8629EF0DB700DFFD53 /* Views */,
				E8F26F9029EF186F00DFFD53 /* ViewModels */,
				E81E360729EDBE2C007514B9 /* Controllers */,
				E81E360029EDBC94007514B9 /* Info.plist */,
			);
			path = BodyBlaze;
			sourceTree = "<group>";
		};
		E81E360629EDBDFE007514B9 /* Resources */ = {
			isa = PBXGroup;
			children = (
				E81E35F229EDBC93007514B9 /* AppDelegate.swift */,
				E81E35F429EDBC93007514B9 /* SceneDelegate.swift */,
				E81E35FB29EDBC94007514B9 /* Assets.xcassets */,
				E81E35FD29EDBC94007514B9 /* LaunchScreen.storyboard */,
				E8F26F8E29EF139400DFFD53 /* Extensions.swift */,
			);
			path = Resources;
			sourceTree = "<group>";
		};
		E81E360729EDBE2C007514B9 /* Controllers */ = {
			isa = PBXGroup;
			children = (
				E8B33CBE2A094524003A9977 /* Other */,
				E81E360829EDC725007514B9 /* Core */,
				E81E360D29EDC7AA007514B9 /* BBTabBarController.swift */,
			);
			path = Controllers;
			sourceTree = "<group>";
		};
		E81E360829EDC725007514B9 /* Core */ = {
			isa = PBXGroup;
			children = (
				E81E360929EDC73F007514B9 /* BBHomeViewController.swift */,
				E81E360B29EDC75B007514B9 /* BBProfileViewController.swift */,
			);
			path = Core;
			sourceTree = "<group>";
		};
		E88891122A0D37D800E464DA /* WorkoutPlanPlay */ = {
			isa = PBXGroup;
			children = (
				E88891132A0D37FF00E464DA /* BBWorkoutPlanPlayView.swift */,
			);
			path = WorkoutPlanPlay;
			sourceTree = "<group>";
		};
		E8B33CBD2A0944D9003A9977 /* WorkoutPlanDetails */ = {
			isa = PBXGroup;
			children = (
				E84CAF122A0A9A6E00DB1538 /* BBWorkoutPlanDetailView.swift */,
				E84CAF162A0AB0FB00DB1538 /* BBWorkoutCell.swift */,
			);
			path = WorkoutPlanDetails;
			sourceTree = "<group>";
		};
		E8B33CBE2A094524003A9977 /* Other */ = {
			isa = PBXGroup;
			children = (
				E8B33CBF2A09453D003A9977 /* BBWorkoutPlanDetailViewController.swift */,
				E80427C32A0BF7760014E621 /* BBWorkoutPlanPlayViewController.swift */,
				E8BEB85B2A115544004C6BA4 /* BBOnboardingViewController.swift */,
			);
			path = Other;
			sourceTree = "<group>";
		};
		E8B33CC12A09463F003A9977 /* Models */ = {
			isa = PBXGroup;
			children = (
				E8B33CC32A094695003A9977 /* BBWorkoutPlan.swift */,
				E8B33CC52A094764003A9977 /* BBWorkout.swift */,
			);
			path = Models;
			sourceTree = "<group>";
		};
		E8B33CC72A094985003A9977 /* Data */ = {
			isa = PBXGroup;
			children = (
				E8B33CCA2A094A2B003A9977 /* WorkoutPlans.swift */,
			);
			path = Data;
			sourceTree = "<group>";
		};
		E8BEB85D2A115584004C6BA4 /* OnBoarding */ = {
			isa = PBXGroup;
			children = (
				E8BEB85E2A1155B9004C6BA4 /* BBGoalView.swift */,
				E8BEB8602A1156EF004C6BA4 /* BBOnBoardingView.swift */,
				E8BEB8622A115A7F004C6BA4 /* BBGenderView.swift */,
			);
			path = OnBoarding;
			sourceTree = "<group>";
		};
		E8F26F8629EF0DB700DFFD53 /* Views */ = {
			isa = PBXGroup;
			children = (
				E8BEB85D2A115584004C6BA4 /* OnBoarding */,
				E88891122A0D37D800E464DA /* WorkoutPlanPlay */,
				E8B33CBD2A0944D9003A9977 /* WorkoutPlanDetails */,
				E80A3C8129F1B257002E7D50 /* CustomWorkoutPlans */,
				E8F26F8D29EF12A400DFFD53 /* RecommendedWorkouts */,
				E8F26F8B29EF129900DFFD53 /* BBHomeView.swift */,
			);
			path = Views;
			sourceTree = "<group>";
		};
		E8F26F8D29EF12A400DFFD53 /* RecommendedWorkouts */ = {
			isa = PBXGroup;
			children = (
				E8F26F8729EF105A00DFFD53 /* BBWorkoutPlanListView.swift */,
				E82EDAF529F06A3D00270C6D /* BBWorkoutPanListCell.swift */,
			);
			path = RecommendedWorkouts;
			sourceTree = "<group>";
		};
		E8F26F9029EF186F00DFFD53 /* ViewModels */ = {
			isa = PBXGroup;
			children = (
				E8F26F9129EF189300DFFD53 /* BBWorkoutPlanListViewViewModel.swift */,
				E8CBD5032A0FCEC400256778 /* BBWorkoutPlanListViewCellViewModel.swift */,
				E80A3C8629F1B5B7002E7D50 /* BBCustomWorkoutPlanListViewViewModel.swift */,
				E84CAF142A0AAE9A00DB1538 /* BBWorkoutPlanDetailViewViewModel.swift */,
				E88891152A0D395C00E464DA /* BBWorkoutPlanPlayViewViewModel.swift */,
				E8CBD5052A0FED6F00256778 /* BBWorkoutCellViewModel.swift */,
				E8BEB8642A1165D8004C6BA4 /* BBOnBoardingViewViewModel.swift */,
			);
			path = ViewModels;
			sourceTree = "<group>";
		};
/* End PBXGroup section */

/* Begin PBXNativeTarget section */
		E81E35EE29EDBC93007514B9 /* BodyBlaze */ = {
			isa = PBXNativeTarget;
			buildConfigurationList = E81E360329EDBC94007514B9 /* Build configuration list for PBXNativeTarget "BodyBlaze" */;
			buildPhases = (
				E81E35EB29EDBC93007514B9 /* Sources */,
				E81E35EC29EDBC93007514B9 /* Frameworks */,
				E81E35ED29EDBC93007514B9 /* Resources */,
			);
			buildRules = (
			);
			dependencies = (
			);
			name = BodyBlaze;
			productName = BodyBlaze;
			productReference = E81E35EF29EDBC93007514B9 /* BodyBlaze.app */;
			productType = "com.apple.product-type.application";
		};
/* End PBXNativeTarget section */

/* Begin PBXProject section */
		E81E35E729EDBC93007514B9 /* Project object */ = {
			isa = PBXProject;
			attributes = {
				BuildIndependentTargetsInParallel = 1;
				LastSwiftUpdateCheck = 1420;
				LastUpgradeCheck = 1420;
				TargetAttributes = {
					E81E35EE29EDBC93007514B9 = {
						CreatedOnToolsVersion = 14.2;
					};
				};
			};
			buildConfigurationList = E81E35EA29EDBC93007514B9 /* Build configuration list for PBXProject "BodyBlaze" */;
			compatibilityVersion = "Xcode 14.0";
			developmentRegion = en;
			hasScannedForEncodings = 0;
			knownRegions = (
				en,
				Base,
			);
			mainGroup = E81E35E629EDBC93007514B9;
			productRefGroup = E81E35F029EDBC93007514B9 /* Products */;
			projectDirPath = "";
			projectRoot = "";
			targets = (
				E81E35EE29EDBC93007514B9 /* BodyBlaze */,
			);
		};
/* End PBXProject section */

/* Begin PBXResourcesBuildPhase section */
		E81E35ED29EDBC93007514B9 /* Resources */ = {
			isa = PBXResourcesBuildPhase;
			buildActionMask = 2147483647;
			files = (
				E81E35FF29EDBC94007514B9 /* LaunchScreen.storyboard in Resources */,
				E81E35FC29EDBC94007514B9 /* Assets.xcassets in Resources */,
			);
			runOnlyForDeploymentPostprocessing = 0;
		};
/* End PBXResourcesBuildPhase section */

/* Begin PBXSourcesBuildPhase section */
		E81E35EB29EDBC93007514B9 /* Sources */ = {
			isa = PBXSourcesBuildPhase;
			buildActionMask = 2147483647;
			files = (
				E8BEB85C2A115545004C6BA4 /* BBOnboardingViewController.swift in Sources */,
				E8CBD5042A0FCEC400256778 /* BBWorkoutPlanListViewCellViewModel.swift in Sources */,
				E81E360C29EDC75B007514B9 /* BBProfileViewController.swift in Sources */,
				E88891162A0D395C00E464DA /* BBWorkoutPlanPlayViewViewModel.swift in Sources */,
				E8BEB85F2A1155B9004C6BA4 /* BBGoalView.swift in Sources */,
				E8BEB8632A115A7F004C6BA4 /* BBGenderView.swift in Sources */,
				E80A3C8529F1B301002E7D50 /* BBCustomWorkoutPlanListView.swift in Sources */,
				E84CAF172A0AB0FB00DB1538 /* BBWorkoutCell.swift in Sources */,
				E8F26F8F29EF139400DFFD53 /* Extensions.swift in Sources */,
				E88891142A0D37FF00E464DA /* BBWorkoutPlanPlayView.swift in Sources */,
				E81E360A29EDC73F007514B9 /* BBHomeViewController.swift in Sources */,
				E84CAF152A0AAE9A00DB1538 /* BBWorkoutPlanDetailViewViewModel.swift in Sources */,
				E8F26F8C29EF129900DFFD53 /* BBHomeView.swift in Sources */,
				E8F26F9229EF189300DFFD53 /* BBWorkoutPlanListViewViewModel.swift in Sources */,
				E8B33CCB2A094A2B003A9977 /* WorkoutPlans.swift in Sources */,
				E81E35F329EDBC93007514B9 /* AppDelegate.swift in Sources */,
				E8BEB8612A1156EF004C6BA4 /* BBOnBoardingView.swift in Sources */,
				E80427C42A0BF7760014E621 /* BBWorkoutPlanPlayViewController.swift in Sources */,
				E82EDAF629F06A3D00270C6D /* BBWorkoutPanListCell.swift in Sources */,
				E81E35F529EDBC93007514B9 /* SceneDelegate.swift in Sources */,
				E8CBD5062A0FED6F00256778 /* BBWorkoutCellViewModel.swift in Sources */,
				E8B33CC62A094764003A9977 /* BBWorkout.swift in Sources */,
				E8B33CC42A094695003A9977 /* BBWorkoutPlan.swift in Sources */,
				E80A3C8729F1B5B7002E7D50 /* BBCustomWorkoutPlanListViewViewModel.swift in Sources */,
				E8BEB8652A1165D8004C6BA4 /* BBOnBoardingViewViewModel.swift in Sources */,
				E80A3C8929F1BAAF002E7D50 /* BBCustomWorkoutPlanListViewCell.swift in Sources */,
				E84CAF132A0A9A6E00DB1538 /* BBWorkoutPlanDetailView.swift in Sources */,
				E8F26F8829EF105A00DFFD53 /* BBWorkoutPlanListView.swift in Sources */,
				E81E360E29EDC7AA007514B9 /* BBTabBarController.swift in Sources */,
				E8B33CC02A09453D003A9977 /* BBWorkoutPlanDetailViewController.swift in Sources */,
			);
			runOnlyForDeploymentPostprocessing = 0;
		};
/* End PBXSourcesBuildPhase section */

/* Begin PBXVariantGroup section */
		E81E35FD29EDBC94007514B9 /* LaunchScreen.storyboard */ = {
			isa = PBXVariantGroup;
			children = (
				E81E35FE29EDBC94007514B9 /* Base */,
			);
			name = LaunchScreen.storyboard;
			sourceTree = "<group>";
		};
/* End PBXVariantGroup section */

/* Begin XCBuildConfiguration section */
		E81E360129EDBC94007514B9 /* Debug */ = {
			isa = XCBuildConfiguration;
			buildSettings = {
				ALWAYS_SEARCH_USER_PATHS = NO;
				CLANG_ANALYZER_NONNULL = YES;
				CLANG_ANALYZER_NUMBER_OBJECT_CONVERSION = YES_AGGRESSIVE;
				CLANG_CXX_LANGUAGE_STANDARD = "gnu++20";
				CLANG_ENABLE_MODULES = YES;
				CLANG_ENABLE_OBJC_ARC = YES;
				CLANG_ENABLE_OBJC_WEAK = YES;
				CLANG_WARN_BLOCK_CAPTURE_AUTORELEASING = YES;
				CLANG_WARN_BOOL_CONVERSION = YES;
				CLANG_WARN_COMMA = YES;
				CLANG_WARN_CONSTANT_CONVERSION = YES;
				CLANG_WARN_DEPRECATED_OBJC_IMPLEMENTATIONS = YES;
				CLANG_WARN_DIRECT_OBJC_ISA_USAGE = YES_ERROR;
				CLANG_WARN_DOCUMENTATION_COMMENTS = YES;
				CLANG_WARN_EMPTY_BODY = YES;
				CLANG_WARN_ENUM_CONVERSION = YES;
				CLANG_WARN_INFINITE_RECURSION = YES;
				CLANG_WARN_INT_CONVERSION = YES;
				CLANG_WARN_NON_LITERAL_NULL_CONVERSION = YES;
				CLANG_WARN_OBJC_IMPLICIT_RETAIN_SELF = YES;
				CLANG_WARN_OBJC_LITERAL_CONVERSION = YES;
				CLANG_WARN_OBJC_ROOT_CLASS = YES_ERROR;
				CLANG_WARN_QUOTED_INCLUDE_IN_FRAMEWORK_HEADER = YES;
				CLANG_WARN_RANGE_LOOP_ANALYSIS = YES;
				CLANG_WARN_STRICT_PROTOTYPES = YES;
				CLANG_WARN_SUSPICIOUS_MOVE = YES;
				CLANG_WARN_UNGUARDED_AVAILABILITY = YES_AGGRESSIVE;
				CLANG_WARN_UNREACHABLE_CODE = YES;
				CLANG_WARN__DUPLICATE_METHOD_MATCH = YES;
				COPY_PHASE_STRIP = NO;
				DEBUG_INFORMATION_FORMAT = dwarf;
				ENABLE_STRICT_OBJC_MSGSEND = YES;
				ENABLE_TESTABILITY = YES;
				GCC_C_LANGUAGE_STANDARD = gnu11;
				GCC_DYNAMIC_NO_PIC = NO;
				GCC_NO_COMMON_BLOCKS = YES;
				GCC_OPTIMIZATION_LEVEL = 0;
				GCC_PREPROCESSOR_DEFINITIONS = (
					"DEBUG=1",
					"$(inherited)",
				);
				GCC_WARN_64_TO_32_BIT_CONVERSION = YES;
				GCC_WARN_ABOUT_RETURN_TYPE = YES_ERROR;
				GCC_WARN_UNDECLARED_SELECTOR = YES;
				GCC_WARN_UNINITIALIZED_AUTOS = YES_AGGRESSIVE;
				GCC_WARN_UNUSED_FUNCTION = YES;
				GCC_WARN_UNUSED_VARIABLE = YES;
				IPHONEOS_DEPLOYMENT_TARGET = 16.2;
				MTL_ENABLE_DEBUG_INFO = INCLUDE_SOURCE;
				MTL_FAST_MATH = YES;
				ONLY_ACTIVE_ARCH = YES;
				SDKROOT = iphoneos;
				SWIFT_ACTIVE_COMPILATION_CONDITIONS = DEBUG;
				SWIFT_OPTIMIZATION_LEVEL = "-Onone";
			};
			name = Debug;
		};
		E81E360229EDBC94007514B9 /* Release */ = {
			isa = XCBuildConfiguration;
			buildSettings = {
				ALWAYS_SEARCH_USER_PATHS = NO;
				CLANG_ANALYZER_NONNULL = YES;
				CLANG_ANALYZER_NUMBER_OBJECT_CONVERSION = YES_AGGRESSIVE;
				CLANG_CXX_LANGUAGE_STANDARD = "gnu++20";
				CLANG_ENABLE_MODULES = YES;
				CLANG_ENABLE_OBJC_ARC = YES;
				CLANG_ENABLE_OBJC_WEAK = YES;
				CLANG_WARN_BLOCK_CAPTURE_AUTORELEASING = YES;
				CLANG_WARN_BOOL_CONVERSION = YES;
				CLANG_WARN_COMMA = YES;
				CLANG_WARN_CONSTANT_CONVERSION = YES;
				CLANG_WARN_DEPRECATED_OBJC_IMPLEMENTATIONS = YES;
				CLANG_WARN_DIRECT_OBJC_ISA_USAGE = YES_ERROR;
				CLANG_WARN_DOCUMENTATION_COMMENTS = YES;
				CLANG_WARN_EMPTY_BODY = YES;
				CLANG_WARN_ENUM_CONVERSION = YES;
				CLANG_WARN_INFINITE_RECURSION = YES;
				CLANG_WARN_INT_CONVERSION = YES;
				CLANG_WARN_NON_LITERAL_NULL_CONVERSION = YES;
				CLANG_WARN_OBJC_IMPLICIT_RETAIN_SELF = YES;
				CLANG_WARN_OBJC_LITERAL_CONVERSION = YES;
				CLANG_WARN_OBJC_ROOT_CLASS = YES_ERROR;
				CLANG_WARN_QUOTED_INCLUDE_IN_FRAMEWORK_HEADER = YES;
				CLANG_WARN_RANGE_LOOP_ANALYSIS = YES;
				CLANG_WARN_STRICT_PROTOTYPES = YES;
				CLANG_WARN_SUSPICIOUS_MOVE = YES;
				CLANG_WARN_UNGUARDED_AVAILABILITY = YES_AGGRESSIVE;
				CLANG_WARN_UNREACHABLE_CODE = YES;
				CLANG_WARN__DUPLICATE_METHOD_MATCH = YES;
				COPY_PHASE_STRIP = NO;
				DEBUG_INFORMATION_FORMAT = "dwarf-with-dsym";
				ENABLE_NS_ASSERTIONS = NO;
				ENABLE_STRICT_OBJC_MSGSEND = YES;
				GCC_C_LANGUAGE_STANDARD = gnu11;
				GCC_NO_COMMON_BLOCKS = YES;
				GCC_WARN_64_TO_32_BIT_CONVERSION = YES;
				GCC_WARN_ABOUT_RETURN_TYPE = YES_ERROR;
				GCC_WARN_UNDECLARED_SELECTOR = YES;
				GCC_WARN_UNINITIALIZED_AUTOS = YES_AGGRESSIVE;
				GCC_WARN_UNUSED_FUNCTION = YES;
				GCC_WARN_UNUSED_VARIABLE = YES;
				IPHONEOS_DEPLOYMENT_TARGET = 16.2;
				MTL_ENABLE_DEBUG_INFO = NO;
				MTL_FAST_MATH = YES;
				SDKROOT = iphoneos;
				SWIFT_COMPILATION_MODE = wholemodule;
				SWIFT_OPTIMIZATION_LEVEL = "-O";
				VALIDATE_PRODUCT = YES;
			};
			name = Release;
		};
		E81E360429EDBC94007514B9 /* Debug */ = {
			isa = XCBuildConfiguration;
			buildSettings = {
				ASSETCATALOG_COMPILER_APPICON_NAME = AppIcon;
				ASSETCATALOG_COMPILER_GLOBAL_ACCENT_COLOR_NAME = AccentColor;
				CODE_SIGN_STYLE = Automatic;
				CURRENT_PROJECT_VERSION = 1;
				DEVELOPMENT_TEAM = 9JUXKU6683;
				GENERATE_INFOPLIST_FILE = YES;
				INFOPLIST_FILE = BodyBlaze/Info.plist;
				INFOPLIST_KEY_UIApplicationSupportsIndirectInputEvents = YES;
				INFOPLIST_KEY_UILaunchStoryboardName = LaunchScreen;
				INFOPLIST_KEY_UIStatusBarStyle = UIStatusBarStyleDarkContent;
				INFOPLIST_KEY_UISupportedInterfaceOrientations = UIInterfaceOrientationPortrait;
				INFOPLIST_KEY_UIUserInterfaceStyle = Dark;
				LD_RUNPATH_SEARCH_PATHS = (
					"$(inherited)",
					"@executable_path/Frameworks",
				);
				MARKETING_VERSION = 1.0;
				PRODUCT_BUNDLE_IDENTIFIER = com.bodyblaze.app;
				PRODUCT_NAME = "$(TARGET_NAME)";
				SUPPORTED_PLATFORMS = "iphoneos iphonesimulator";
				SUPPORTS_MACCATALYST = NO;
				SUPPORTS_MAC_DESIGNED_FOR_IPHONE_IPAD = NO;
				SWIFT_EMIT_LOC_STRINGS = YES;
				SWIFT_VERSION = 5.0;
				TARGETED_DEVICE_FAMILY = 1;
			};
			name = Debug;
		};
		E81E360529EDBC94007514B9 /* Release */ = {
			isa = XCBuildConfiguration;
			buildSettings = {
				ASSETCATALOG_COMPILER_APPICON_NAME = AppIcon;
				ASSETCATALOG_COMPILER_GLOBAL_ACCENT_COLOR_NAME = AccentColor;
				CODE_SIGN_STYLE = Automatic;
				CURRENT_PROJECT_VERSION = 1;
				DEVELOPMENT_TEAM = 9JUXKU6683;
				GENERATE_INFOPLIST_FILE = YES;
				INFOPLIST_FILE = BodyBlaze/Info.plist;
				INFOPLIST_KEY_UIApplicationSupportsIndirectInputEvents = YES;
				INFOPLIST_KEY_UILaunchStoryboardName = LaunchScreen;
				INFOPLIST_KEY_UIStatusBarStyle = UIStatusBarStyleDarkContent;
				INFOPLIST_KEY_UISupportedInterfaceOrientations = UIInterfaceOrientationPortrait;
				INFOPLIST_KEY_UIUserInterfaceStyle = Dark;
				LD_RUNPATH_SEARCH_PATHS = (
					"$(inherited)",
					"@executable_path/Frameworks",
				);
				MARKETING_VERSION = 1.0;
				PRODUCT_BUNDLE_IDENTIFIER = com.bodyblaze.app;
				PRODUCT_NAME = "$(TARGET_NAME)";
				SUPPORTED_PLATFORMS = "iphoneos iphonesimulator";
				SUPPORTS_MACCATALYST = NO;
				SUPPORTS_MAC_DESIGNED_FOR_IPHONE_IPAD = NO;
				SWIFT_EMIT_LOC_STRINGS = YES;
				SWIFT_VERSION = 5.0;
				TARGETED_DEVICE_FAMILY = 1;
			};
			name = Release;
		};
/* End XCBuildConfiguration section */

/* Begin XCConfigurationList section */
		E81E35EA29EDBC93007514B9 /* Build configuration list for PBXProject "BodyBlaze" */ = {
			isa = XCConfigurationList;
			buildConfigurations = (
				E81E360129EDBC94007514B9 /* Debug */,
				E81E360229EDBC94007514B9 /* Release */,
			);
			defaultConfigurationIsVisible = 0;
			defaultConfigurationName = Release;
		};
		E81E360329EDBC94007514B9 /* Build configuration list for PBXNativeTarget "BodyBlaze" */ = {
			isa = XCConfigurationList;
			buildConfigurations = (
				E81E360429EDBC94007514B9 /* Debug */,
				E81E360529EDBC94007514B9 /* Release */,
			);
			defaultConfigurationIsVisible = 0;
			defaultConfigurationName = Release;
		};
/* End XCConfigurationList section */
	};
	rootObject = E81E35E729EDBC93007514B9 /* Project object */;
}
